// !$*UTF8*$!
{
	archiveVersion = 1;
	classes = {
	};
	objectVersion = 77;
	objects = {

/* Begin PBXBuildFile section */
		49011F6C2CF919F5004E246F /* SwiftUI.framework in Frameworks */ = {isa = PBXBuildFile; fileRef = 49011F6B2CF919F5004E246F /* SwiftUI.framework */; };
		494882B62CA8443300C59146 /* Solar Lens Watch App.app in Embed Watch Content */ = {isa = PBXBuildFile; fileRef = 494882B52CA8443300C59146 /* Solar Lens Watch App.app */; settings = {ATTRIBUTES = (RemoveHeadersOnCopy, ); }; };
		495539B72CECF51A00D2FE19 /* WidgetKit.framework in Frameworks */ = {isa = PBXBuildFile; fileRef = 49EED1A82CC0389C00A89445 /* WidgetKit.framework */; };
		495539B82CECF51A00D2FE19 /* SwiftUI.framework in Frameworks */ = {isa = PBXBuildFile; fileRef = 49EED1AA2CC0389D00A89445 /* SwiftUI.framework */; };
		495539C32CECF51C00D2FE19 /* Solar Lens WidgetsExtension.appex in Embed Foundation Extensions */ = {isa = PBXBuildFile; fileRef = 495539B62CECF51A00D2FE19 /* Solar Lens WidgetsExtension.appex */; settings = {ATTRIBUTES = (RemoveHeadersOnCopy, ); }; };
		495B2E202CB2AE520089AD1B /* KeychainAccess in Frameworks */ = {isa = PBXBuildFile; productRef = 495B2E1F2CB2AE520089AD1B /* KeychainAccess */; };
		49F243A62CF1CF39009D0E2A /* KeychainAccess in Frameworks */ = {isa = PBXBuildFile; productRef = 49F243A52CF1CF39009D0E2A /* KeychainAccess */; };
/* End PBXBuildFile section */

/* Begin PBXContainerItemProxy section */
		494882B72CA8443300C59146 /* PBXContainerItemProxy */ = {
			isa = PBXContainerItemProxy;
			containerPortal = 494882A92CA8443300C59146 /* Project object */;
			proxyType = 1;
			remoteGlobalIDString = 494882B42CA8443300C59146;
			remoteInfo = "SolarManagerWatch Watch App";
		};
		495539C12CECF51C00D2FE19 /* PBXContainerItemProxy */ = {
			isa = PBXContainerItemProxy;
			containerPortal = 494882A92CA8443300C59146 /* Project object */;
			proxyType = 1;
			remoteGlobalIDString = 495539B52CECF51A00D2FE19;
			remoteInfo = "Solar Lens WidgetsExtension";
		};
/* End PBXContainerItemProxy section */

/* Begin PBXCopyFilesBuildPhase section */
		494882C82CA8443400C59146 /* Embed Watch Content */ = {
			isa = PBXCopyFilesBuildPhase;
			buildActionMask = 2147483647;
			dstPath = "$(CONTENTS_FOLDER_PATH)/Watch";
			dstSubfolderSpec = 16;
			files = (
				494882B62CA8443300C59146 /* Solar Lens Watch App.app in Embed Watch Content */,
			);
			name = "Embed Watch Content";
			runOnlyForDeploymentPostprocessing = 0;
		};
		49EED1B62CC0389E00A89445 /* Embed Foundation Extensions */ = {
			isa = PBXCopyFilesBuildPhase;
			buildActionMask = 2147483647;
			dstPath = "";
			dstSubfolderSpec = 13;
			files = (
				495539C32CECF51C00D2FE19 /* Solar Lens WidgetsExtension.appex in Embed Foundation Extensions */,
			);
			name = "Embed Foundation Extensions";
			runOnlyForDeploymentPostprocessing = 0;
		};
/* End PBXCopyFilesBuildPhase section */

/* Begin PBXFileReference section */
		49011F6B2CF919F5004E246F /* SwiftUI.framework */ = {isa = PBXFileReference; lastKnownFileType = wrapper.framework; name = SwiftUI.framework; path = Platforms/WatchOS.platform/Developer/SDKs/WatchOS11.1.sdk/System/Library/Frameworks/SwiftUI.framework; sourceTree = DEVELOPER_DIR; };
		494882AF2CA8443300C59146 /* Solar Lens.app */ = {isa = PBXFileReference; explicitFileType = wrapper.application; includeInIndex = 0; path = "Solar Lens.app"; sourceTree = BUILT_PRODUCTS_DIR; };
		494882B52CA8443300C59146 /* Solar Lens Watch App.app */ = {isa = PBXFileReference; explicitFileType = wrapper.application; includeInIndex = 0; path = "Solar Lens Watch App.app"; sourceTree = BUILT_PRODUCTS_DIR; };
		495539B62CECF51A00D2FE19 /* Solar Lens WidgetsExtension.appex */ = {isa = PBXFileReference; explicitFileType = "wrapper.app-extension"; includeInIndex = 0; path = "Solar Lens WidgetsExtension.appex"; sourceTree = BUILT_PRODUCTS_DIR; };
		49EDF1372CF58548003C1176 /* Solar Lens Watch App.entitlements */ = {isa = PBXFileReference; lastKnownFileType = text.plist.entitlements; path = "Solar Lens Watch App.entitlements"; sourceTree = "<group>"; };
		49EDF1382CF58559003C1176 /* Solar Lens WidgetsExtension.entitlements */ = {isa = PBXFileReference; lastKnownFileType = text.plist.entitlements; path = "Solar Lens WidgetsExtension.entitlements"; sourceTree = "<group>"; };
		49EED1A82CC0389C00A89445 /* WidgetKit.framework */ = {isa = PBXFileReference; lastKnownFileType = wrapper.framework; name = WidgetKit.framework; path = System/Library/Frameworks/WidgetKit.framework; sourceTree = SDKROOT; };
		49EED1AA2CC0389D00A89445 /* SwiftUI.framework */ = {isa = PBXFileReference; lastKnownFileType = wrapper.framework; name = SwiftUI.framework; path = System/Library/Frameworks/SwiftUI.framework; sourceTree = SDKROOT; };
/* End PBXFileReference section */

/* Begin PBXFileSystemSynchronizedBuildFileExceptionSet section */
		495539C42CECF51C00D2FE19 /* Exceptions for "Solar Lens Widgets" folder in "Solar Lens WidgetsExtension" target */ = {
			isa = PBXFileSystemSynchronizedBuildFileExceptionSet;
			membershipExceptions = (
				Info.plist,
			);
			target = 495539B52CECF51A00D2FE19 /* Solar Lens WidgetsExtension */;
		};
		49F2437C2CF04513009D0E2A /* Exceptions for "Solar Lens Widgets" folder in "Solar Lens Watch App" target */ = {
			isa = PBXFileSystemSynchronizedBuildFileExceptionSet;
			membershipExceptions = (
				BatteryWidgets/BatteryAppIntent.swift,
				BatteryWidgets/BatteryWidgetView.swift,
				ConsumptionWidgets/ConsumptionAppIntent.swift,
				ConsumptionWidgets/ConsumptionWidgetView.swift,
				Generic/GenericAppIntent.swift,
				Generic/GenericWidgetView.swift,
				SolarProductionWidgets/SolarProductionAppIntent.swift,
				SolarProductionWidgets/SolarProductionWidgetView.swift,
			);
			target = 494882B42CA8443300C59146 /* Solar Lens Watch App */;
		};
		49F243A42CF1CE5E009D0E2A /* Exceptions for "SolarManagerWatch Watch App" folder in "Solar Lens WidgetsExtension" target */ = {
			isa = PBXFileSystemSynchronizedBuildFileExceptionSet;
			membershipExceptions = (
				Services/ChargingInfoData.swift,
				Services/EnergyManager.swift,
				Services/EnergyManagerClientError.swift,
				Services/FakeEnergyManager.swift,
				Services/KeychainHelper.swift,
				Services/OverviewData.swift,
				Services/Rest/NoRequestBody.swift,
				Services/Rest/RestClient.swift,
				Services/Rest/RestError.swift,
				Services/SolarDetailsData.swift,
				Services/SolarManager.swift,
				Services/SolarManagerApi/DTOs/Accuracy.swift,
				Services/SolarManagerApi/DTOs/ChargingMode.swift,
				Services/SolarManagerApi/DTOs/ControlCarChargingRequest.swift,
				Services/SolarManagerApi/DTOs/ForecastItemV1Response.swift,
				Services/SolarManagerApi/DTOs/GetV1ChartResponse.swift,
				Services/SolarManagerApi/DTOs/GetV1UsersResponse.swift,
				Services/SolarManagerApi/DTOs/LoginRequest.swift,
				Services/SolarManagerApi/DTOs/LoginResponse.swift,
				Services/SolarManagerApi/DTOs/NoContentResponse.swift,
				Services/SolarManagerApi/DTOs/Period.swift,
				Services/SolarManagerApi/DTOs/RefreshRequest.swift,
				Services/SolarManagerApi/DTOs/RefreshResponse.swift,
				Services/SolarManagerApi/DTOs/SensorConnectionStatus.swift,
				Services/SolarManagerApi/DTOs/SensorConsumptionV1Response.swift,
				Services/SolarManagerApi/DTOs/SensorInfosV1Response.swift,
				Services/SolarManagerApi/DTOs/StatisticsV1Response.swift,
				Services/SolarManagerApi/DTOs/StreamSensorsV1Response.swift,
				Services/SolarManagerApi/SolarManagerApiClient.swift,
				Services/SolarManagerApi/SolarManagerApiClientError.swift,
			);
			target = 495539B52CECF51A00D2FE19 /* Solar Lens WidgetsExtension */;
		};
/* End PBXFileSystemSynchronizedBuildFileExceptionSet section */

/* Begin PBXFileSystemSynchronizedRootGroup section */
		494882B92CA8443300C59146 /* SolarManagerWatch Watch App */ = {
			isa = PBXFileSystemSynchronizedRootGroup;
			exceptions = (
				49F243A42CF1CE5E009D0E2A /* Exceptions for "SolarManagerWatch Watch App" folder in "Solar Lens WidgetsExtension" target */,
			);
			path = "SolarManagerWatch Watch App";
			sourceTree = "<group>";
		};
		495539B92CECF51A00D2FE19 /* Solar Lens Widgets */ = {
			isa = PBXFileSystemSynchronizedRootGroup;
			exceptions = (
				49F2437C2CF04513009D0E2A /* Exceptions for "Solar Lens Widgets" folder in "Solar Lens Watch App" target */,
				495539C42CECF51C00D2FE19 /* Exceptions for "Solar Lens Widgets" folder in "Solar Lens WidgetsExtension" target */,
			);
			path = "Solar Lens Widgets";
			sourceTree = "<group>";
		};
/* End PBXFileSystemSynchronizedRootGroup section */

/* Begin PBXFrameworksBuildPhase section */
		494882B22CA8443300C59146 /* Frameworks */ = {
			isa = PBXFrameworksBuildPhase;
			buildActionMask = 2147483647;
			files = (
				49011F6C2CF919F5004E246F /* SwiftUI.framework in Frameworks */,
				495B2E202CB2AE520089AD1B /* KeychainAccess in Frameworks */,
			);
			runOnlyForDeploymentPostprocessing = 0;
		};
		495539B32CECF51A00D2FE19 /* Frameworks */ = {
			isa = PBXFrameworksBuildPhase;
			buildActionMask = 2147483647;
			files = (
				495539B82CECF51A00D2FE19 /* SwiftUI.framework in Frameworks */,
				495539B72CECF51A00D2FE19 /* WidgetKit.framework in Frameworks */,
				49F243A62CF1CF39009D0E2A /* KeychainAccess in Frameworks */,
			);
			runOnlyForDeploymentPostprocessing = 0;
		};
/* End PBXFrameworksBuildPhase section */

/* Begin PBXGroup section */
		494882A82CA8443300C59146 = {
			isa = PBXGroup;
			children = (
				49EDF1372CF58548003C1176 /* Solar Lens Watch App.entitlements */,
				49EDF1382CF58559003C1176 /* Solar Lens WidgetsExtension.entitlements */,
				494882B92CA8443300C59146 /* SolarManagerWatch Watch App */,
				495539B92CECF51A00D2FE19 /* Solar Lens Widgets */,
				49EED1A72CC0389C00A89445 /* Frameworks */,
				494882B02CA8443300C59146 /* Products */,
			);
			sourceTree = "<group>";
		};
		494882B02CA8443300C59146 /* Products */ = {
			isa = PBXGroup;
			children = (
				494882AF2CA8443300C59146 /* Solar Lens.app */,
				494882B52CA8443300C59146 /* Solar Lens Watch App.app */,
				495539B62CECF51A00D2FE19 /* Solar Lens WidgetsExtension.appex */,
			);
			name = Products;
			sourceTree = "<group>";
		};
		49EED1A72CC0389C00A89445 /* Frameworks */ = {
			isa = PBXGroup;
			children = (
				49011F6B2CF919F5004E246F /* SwiftUI.framework */,
				49EED1A82CC0389C00A89445 /* WidgetKit.framework */,
				49EED1AA2CC0389D00A89445 /* SwiftUI.framework */,
			);
			name = Frameworks;
			sourceTree = "<group>";
		};
/* End PBXGroup section */

/* Begin PBXNativeTarget section */
		494882AE2CA8443300C59146 /* Solar Lens */ = {
			isa = PBXNativeTarget;
			buildConfigurationList = 494882C92CA8443400C59146 /* Build configuration list for PBXNativeTarget "Solar Lens" */;
			buildPhases = (
				494882AD2CA8443300C59146 /* Resources */,
				494882C82CA8443400C59146 /* Embed Watch Content */,
			);
			buildRules = (
			);
			dependencies = (
				494882B82CA8443300C59146 /* PBXTargetDependency */,
			);
			name = "Solar Lens";
			packageProductDependencies = (
			);
			productName = SolarManagerWatch;
			productReference = 494882AF2CA8443300C59146 /* Solar Lens.app */;
			productType = "com.apple.product-type.application.watchapp2-container";
		};
		494882B42CA8443300C59146 /* Solar Lens Watch App */ = {
			isa = PBXNativeTarget;
			buildConfigurationList = 494882C52CA8443400C59146 /* Build configuration list for PBXNativeTarget "Solar Lens Watch App" */;
			buildPhases = (
				494882B12CA8443300C59146 /* Sources */,
				494882B22CA8443300C59146 /* Frameworks */,
				494882B32CA8443300C59146 /* Resources */,
				49EED1B62CC0389E00A89445 /* Embed Foundation Extensions */,
			);
			buildRules = (
			);
			dependencies = (
				495539C22CECF51C00D2FE19 /* PBXTargetDependency */,
			);
			fileSystemSynchronizedGroups = (
				494882B92CA8443300C59146 /* SolarManagerWatch Watch App */,
			);
			name = "Solar Lens Watch App";
			packageProductDependencies = (
				495B2E1F2CB2AE520089AD1B /* KeychainAccess */,
			);
			productName = "SolarManagerWatch Watch App";
			productReference = 494882B52CA8443300C59146 /* Solar Lens Watch App.app */;
			productType = "com.apple.product-type.application";
		};
		495539B52CECF51A00D2FE19 /* Solar Lens WidgetsExtension */ = {
			isa = PBXNativeTarget;
			buildConfigurationList = 495539C52CECF51C00D2FE19 /* Build configuration list for PBXNativeTarget "Solar Lens WidgetsExtension" */;
			buildPhases = (
				495539B22CECF51A00D2FE19 /* Sources */,
				495539B32CECF51A00D2FE19 /* Frameworks */,
				495539B42CECF51A00D2FE19 /* Resources */,
			);
			buildRules = (
			);
			dependencies = (
			);
			fileSystemSynchronizedGroups = (
				495539B92CECF51A00D2FE19 /* Solar Lens Widgets */,
			);
			name = "Solar Lens WidgetsExtension";
			packageProductDependencies = (
				49F243A52CF1CF39009D0E2A /* KeychainAccess */,
			);
			productName = "Solar Lens WidgetsExtension";
			productReference = 495539B62CECF51A00D2FE19 /* Solar Lens WidgetsExtension.appex */;
			productType = "com.apple.product-type.app-extension";
		};
/* End PBXNativeTarget section */

/* Begin PBXProject section */
		494882A92CA8443300C59146 /* Project object */ = {
			isa = PBXProject;
			attributes = {
				BuildIndependentTargetsInParallel = 1;
				LastSwiftUpdateCheck = 1610;
				LastUpgradeCheck = 1610;
				TargetAttributes = {
					494882AE2CA8443300C59146 = {
						CreatedOnToolsVersion = 16.0;
					};
					494882B42CA8443300C59146 = {
						CreatedOnToolsVersion = 16.0;
					};
					495539B52CECF51A00D2FE19 = {
						CreatedOnToolsVersion = 16.1;
					};
				};
			};
			buildConfigurationList = 494882AC2CA8443300C59146 /* Build configuration list for PBXProject "SolarManagerWatch" */;
			developmentRegion = en;
			hasScannedForEncodings = 0;
			knownRegions = (
				en,
				de,
				fr,
				it,
			);
			mainGroup = 494882A82CA8443300C59146;
			minimizedProjectReferenceProxies = 1;
			packageReferences = (
				495B2E1E2CB2AE520089AD1B /* XCRemoteSwiftPackageReference "KeychainAccess" */,
			);
			preferredProjectObjectVersion = 77;
			productRefGroup = 494882B02CA8443300C59146 /* Products */;
			projectDirPath = "";
			projectRoot = "";
			targets = (
				494882AE2CA8443300C59146 /* Solar Lens */,
				494882B42CA8443300C59146 /* Solar Lens Watch App */,
				495539B52CECF51A00D2FE19 /* Solar Lens WidgetsExtension */,
			);
		};
/* End PBXProject section */

/* Begin PBXResourcesBuildPhase section */
		494882AD2CA8443300C59146 /* Resources */ = {
			isa = PBXResourcesBuildPhase;
			buildActionMask = 2147483647;
			files = (
			);
			runOnlyForDeploymentPostprocessing = 0;
		};
		494882B32CA8443300C59146 /* Resources */ = {
			isa = PBXResourcesBuildPhase;
			buildActionMask = 2147483647;
			files = (
			);
			runOnlyForDeploymentPostprocessing = 0;
		};
		495539B42CECF51A00D2FE19 /* Resources */ = {
			isa = PBXResourcesBuildPhase;
			buildActionMask = 2147483647;
			files = (
			);
			runOnlyForDeploymentPostprocessing = 0;
		};
/* End PBXResourcesBuildPhase section */

/* Begin PBXSourcesBuildPhase section */
		494882B12CA8443300C59146 /* Sources */ = {
			isa = PBXSourcesBuildPhase;
			buildActionMask = 2147483647;
			files = (
			);
			runOnlyForDeploymentPostprocessing = 0;
		};
		495539B22CECF51A00D2FE19 /* Sources */ = {
			isa = PBXSourcesBuildPhase;
			buildActionMask = 2147483647;
			files = (
			);
			runOnlyForDeploymentPostprocessing = 0;
		};
/* End PBXSourcesBuildPhase section */

/* Begin PBXTargetDependency section */
		494882B82CA8443300C59146 /* PBXTargetDependency */ = {
			isa = PBXTargetDependency;
			target = 494882B42CA8443300C59146 /* Solar Lens Watch App */;
			targetProxy = 494882B72CA8443300C59146 /* PBXContainerItemProxy */;
		};
		495539C22CECF51C00D2FE19 /* PBXTargetDependency */ = {
			isa = PBXTargetDependency;
			target = 495539B52CECF51A00D2FE19 /* Solar Lens WidgetsExtension */;
			targetProxy = 495539C12CECF51C00D2FE19 /* PBXContainerItemProxy */;
		};
/* End PBXTargetDependency section */

/* Begin XCBuildConfiguration section */
		494882C32CA8443400C59146 /* Debug */ = {
			isa = XCBuildConfiguration;
			buildSettings = {
				ALWAYS_SEARCH_USER_PATHS = NO;
				ASSETCATALOG_COMPILER_GENERATE_SWIFT_ASSET_SYMBOL_EXTENSIONS = YES;
				CLANG_ANALYZER_LOCALIZABILITY_NONLOCALIZED = YES;
				CLANG_ANALYZER_NONNULL = YES;
				CLANG_ANALYZER_NUMBER_OBJECT_CONVERSION = YES_AGGRESSIVE;
				CLANG_CXX_LANGUAGE_STANDARD = "gnu++20";
				CLANG_ENABLE_MODULES = YES;
				CLANG_ENABLE_OBJC_ARC = YES;
				CLANG_ENABLE_OBJC_WEAK = YES;
				CLANG_WARN_BLOCK_CAPTURE_AUTORELEASING = YES;
				CLANG_WARN_BOOL_CONVERSION = YES;
				CLANG_WARN_COMMA = YES;
				CLANG_WARN_CONSTANT_CONVERSION = YES;
				CLANG_WARN_DEPRECATED_OBJC_IMPLEMENTATIONS = YES;
				CLANG_WARN_DIRECT_OBJC_ISA_USAGE = YES_ERROR;
				CLANG_WARN_DOCUMENTATION_COMMENTS = YES;
				CLANG_WARN_EMPTY_BODY = YES;
				CLANG_WARN_ENUM_CONVERSION = YES;
				CLANG_WARN_INFINITE_RECURSION = YES;
				CLANG_WARN_INT_CONVERSION = YES;
				CLANG_WARN_NON_LITERAL_NULL_CONVERSION = YES;
				CLANG_WARN_OBJC_IMPLICIT_RETAIN_SELF = YES;
				CLANG_WARN_OBJC_LITERAL_CONVERSION = YES;
				CLANG_WARN_OBJC_ROOT_CLASS = YES_ERROR;
				CLANG_WARN_QUOTED_INCLUDE_IN_FRAMEWORK_HEADER = YES;
				CLANG_WARN_RANGE_LOOP_ANALYSIS = YES;
				CLANG_WARN_STRICT_PROTOTYPES = YES;
				CLANG_WARN_SUSPICIOUS_MOVE = YES;
				CLANG_WARN_UNGUARDED_AVAILABILITY = YES_AGGRESSIVE;
				CLANG_WARN_UNREACHABLE_CODE = YES;
				CLANG_WARN__DUPLICATE_METHOD_MATCH = YES;
				COPY_PHASE_STRIP = YES;
				DEAD_CODE_STRIPPING = YES;
				DEBUG_INFORMATION_FORMAT = dwarf;
				ENABLE_STRICT_OBJC_MSGSEND = YES;
				ENABLE_TESTABILITY = YES;
				ENABLE_USER_SCRIPT_SANDBOXING = YES;
				GCC_C_LANGUAGE_STANDARD = gnu17;
				GCC_DYNAMIC_NO_PIC = NO;
				GCC_NO_COMMON_BLOCKS = YES;
				GCC_OPTIMIZATION_LEVEL = 0;
				GCC_PREPROCESSOR_DEFINITIONS = (
					"DEBUG=1",
					"$(inherited)",
				);
				GCC_WARN_64_TO_32_BIT_CONVERSION = YES;
				GCC_WARN_ABOUT_RETURN_TYPE = YES_ERROR;
				GCC_WARN_UNDECLARED_SELECTOR = YES;
				GCC_WARN_UNINITIALIZED_AUTOS = YES_AGGRESSIVE;
				GCC_WARN_UNUSED_FUNCTION = YES;
				GCC_WARN_UNUSED_VARIABLE = YES;
				LOCALIZATION_PREFERS_STRING_CATALOGS = YES;
				MTL_ENABLE_DEBUG_INFO = INCLUDE_SOURCE;
				MTL_FAST_MATH = YES;
				ONLY_ACTIVE_ARCH = YES;
				SWIFT_ACTIVE_COMPILATION_CONDITIONS = "DEBUG $(inherited)";
				SWIFT_EMIT_LOC_STRINGS = YES;
				SWIFT_OPTIMIZATION_LEVEL = "-Onone";
			};
			name = Debug;
		};
		494882C42CA8443400C59146 /* Release */ = {
			isa = XCBuildConfiguration;
			buildSettings = {
				ALWAYS_SEARCH_USER_PATHS = NO;
				ASSETCATALOG_COMPILER_GENERATE_SWIFT_ASSET_SYMBOL_EXTENSIONS = YES;
				CLANG_ANALYZER_LOCALIZABILITY_NONLOCALIZED = YES;
				CLANG_ANALYZER_NONNULL = YES;
				CLANG_ANALYZER_NUMBER_OBJECT_CONVERSION = YES_AGGRESSIVE;
				CLANG_CXX_LANGUAGE_STANDARD = "gnu++20";
				CLANG_ENABLE_MODULES = YES;
				CLANG_ENABLE_OBJC_ARC = YES;
				CLANG_ENABLE_OBJC_WEAK = YES;
				CLANG_WARN_BLOCK_CAPTURE_AUTORELEASING = YES;
				CLANG_WARN_BOOL_CONVERSION = YES;
				CLANG_WARN_COMMA = YES;
				CLANG_WARN_CONSTANT_CONVERSION = YES;
				CLANG_WARN_DEPRECATED_OBJC_IMPLEMENTATIONS = YES;
				CLANG_WARN_DIRECT_OBJC_ISA_USAGE = YES_ERROR;
				CLANG_WARN_DOCUMENTATION_COMMENTS = YES;
				CLANG_WARN_EMPTY_BODY = YES;
				CLANG_WARN_ENUM_CONVERSION = YES;
				CLANG_WARN_INFINITE_RECURSION = YES;
				CLANG_WARN_INT_CONVERSION = YES;
				CLANG_WARN_NON_LITERAL_NULL_CONVERSION = YES;
				CLANG_WARN_OBJC_IMPLICIT_RETAIN_SELF = YES;
				CLANG_WARN_OBJC_LITERAL_CONVERSION = YES;
				CLANG_WARN_OBJC_ROOT_CLASS = YES_ERROR;
				CLANG_WARN_QUOTED_INCLUDE_IN_FRAMEWORK_HEADER = YES;
				CLANG_WARN_RANGE_LOOP_ANALYSIS = YES;
				CLANG_WARN_STRICT_PROTOTYPES = YES;
				CLANG_WARN_SUSPICIOUS_MOVE = YES;
				CLANG_WARN_UNGUARDED_AVAILABILITY = YES_AGGRESSIVE;
				CLANG_WARN_UNREACHABLE_CODE = YES;
				CLANG_WARN__DUPLICATE_METHOD_MATCH = YES;
				COPY_PHASE_STRIP = YES;
				DEAD_CODE_STRIPPING = YES;
				DEBUG_INFORMATION_FORMAT = "dwarf-with-dsym";
				ENABLE_NS_ASSERTIONS = NO;
				ENABLE_STRICT_OBJC_MSGSEND = YES;
				ENABLE_USER_SCRIPT_SANDBOXING = YES;
				GCC_C_LANGUAGE_STANDARD = gnu17;
				GCC_NO_COMMON_BLOCKS = YES;
				GCC_WARN_64_TO_32_BIT_CONVERSION = YES;
				GCC_WARN_ABOUT_RETURN_TYPE = YES_ERROR;
				GCC_WARN_UNDECLARED_SELECTOR = YES;
				GCC_WARN_UNINITIALIZED_AUTOS = YES_AGGRESSIVE;
				GCC_WARN_UNUSED_FUNCTION = YES;
				GCC_WARN_UNUSED_VARIABLE = YES;
				LOCALIZATION_PREFERS_STRING_CATALOGS = YES;
				MTL_ENABLE_DEBUG_INFO = NO;
				MTL_FAST_MATH = YES;
				SWIFT_COMPILATION_MODE = wholemodule;
				SWIFT_EMIT_LOC_STRINGS = YES;
			};
			name = Release;
		};
		494882C62CA8443400C59146 /* Debug */ = {
			isa = XCBuildConfiguration;
			buildSettings = {
				ASSETCATALOG_COMPILER_APPICON_NAME = AppIcon;
				ASSETCATALOG_COMPILER_GLOBAL_ACCENT_COLOR_NAME = AccentColor;
				CODE_SIGN_ENTITLEMENTS = "Solar Lens Watch App.entitlements";
				CODE_SIGN_IDENTITY = "Apple Development";
				CODE_SIGN_STYLE = Automatic;
				CURRENT_PROJECT_VERSION = 70;
				DEVELOPMENT_ASSET_PATHS = "\"SolarManagerWatch Watch App/Preview Content\"";
				DEVELOPMENT_TEAM = UYT5K989XD;
				ENABLE_PREVIEWS = YES;
				GENERATE_INFOPLIST_FILE = YES;
				INFOPLIST_FILE = "SolarManagerWatch-Watch-App-Info.plist";
				INFOPLIST_KEY_CFBundleDisplayName = "Solar Lens Watch";
				INFOPLIST_KEY_UISupportedInterfaceOrientations = "UIInterfaceOrientationPortrait UIInterfaceOrientationPortraitUpsideDown";
				INFOPLIST_KEY_WKWatchOnly = YES;
				ITSAppUsesNonExemptEncryption = NO;
				LD_RUNPATH_SEARCH_PATHS = (
					"$(inherited)",
					"@executable_path/Frameworks",
				);
				MARKETING_VERSION = 2.0.0;
				PRODUCT_BUNDLE_IDENTIFIER = com.marcduerst.SolarManagerWatch.watchkitapp;
				PRODUCT_NAME = "$(TARGET_NAME)";
				PROVISIONING_PROFILE_SPECIFIER = "";
				SDKROOT = watchos;
				SKIP_INSTALL = YES;
				SWIFT_EMIT_LOC_STRINGS = YES;
				SWIFT_VERSION = 5.0;
				TARGETED_DEVICE_FAMILY = 4;
				VALIDATE_PRODUCT = NO;
				WATCHOS_DEPLOYMENT_TARGET = 11.0;
			};
			name = Debug;
		};
		494882C72CA8443400C59146 /* Release */ = {
			isa = XCBuildConfiguration;
			buildSettings = {
				ASSETCATALOG_COMPILER_APPICON_NAME = AppIcon;
				ASSETCATALOG_COMPILER_GLOBAL_ACCENT_COLOR_NAME = AccentColor;
				CODE_SIGN_ENTITLEMENTS = "Solar Lens Watch App.entitlements";
				CODE_SIGN_IDENTITY = "Apple Development";
				CODE_SIGN_STYLE = Automatic;
				CURRENT_PROJECT_VERSION = 70;
				DEVELOPMENT_ASSET_PATHS = "\"SolarManagerWatch Watch App/Preview Content\"";
				DEVELOPMENT_TEAM = UYT5K989XD;
				ENABLE_PREVIEWS = YES;
				GENERATE_INFOPLIST_FILE = YES;
				INFOPLIST_FILE = "SolarManagerWatch-Watch-App-Info.plist";
				INFOPLIST_KEY_CFBundleDisplayName = "Solar Lens Watch";
				INFOPLIST_KEY_UISupportedInterfaceOrientations = "UIInterfaceOrientationPortrait UIInterfaceOrientationPortraitUpsideDown";
				INFOPLIST_KEY_WKWatchOnly = YES;
				ITSAppUsesNonExemptEncryption = NO;
				LD_RUNPATH_SEARCH_PATHS = (
					"$(inherited)",
					"@executable_path/Frameworks",
				);
				MARKETING_VERSION = 2.0.0;
				PRODUCT_BUNDLE_IDENTIFIER = com.marcduerst.SolarManagerWatch.watchkitapp;
				PRODUCT_NAME = "$(TARGET_NAME)";
				PROVISIONING_PROFILE_SPECIFIER = "";
				SDKROOT = watchos;
				SKIP_INSTALL = YES;
				SWIFT_EMIT_LOC_STRINGS = YES;
				SWIFT_VERSION = 5.0;
				TARGETED_DEVICE_FAMILY = 4;
				VALIDATE_PRODUCT = YES;
				WATCHOS_DEPLOYMENT_TARGET = 11.0;
			};
			name = Release;
		};
		494882CA2CA8443400C59146 /* Debug */ = {
			isa = XCBuildConfiguration;
			buildSettings = {
				CODE_SIGN_IDENTITY = "Apple Development";
				CODE_SIGN_STYLE = Automatic;
				CURRENT_PROJECT_VERSION = 70;
				DEVELOPMENT_TEAM = UYT5K989XD;
				INFOPLIST_KEY_CFBundleDisplayName = "Solar Lens";
				IPHONEOS_DEPLOYMENT_TARGET = 18.0;
				MARKETING_VERSION = 2.0.0;
				PRODUCT_BUNDLE_IDENTIFIER = com.marcduerst.SolarManagerWatch;
				PRODUCT_NAME = "$(TARGET_NAME)";
				PROVISIONING_PROFILE_SPECIFIER = "";
				SDKROOT = iphoneos;
				SWIFT_VERSION = 5.0;
			};
			name = Debug;
		};
		494882CB2CA8443400C59146 /* Release */ = {
			isa = XCBuildConfiguration;
			buildSettings = {
				CODE_SIGN_IDENTITY = "Apple Development";
				CODE_SIGN_STYLE = Automatic;
				CURRENT_PROJECT_VERSION = 70;
				DEVELOPMENT_TEAM = UYT5K989XD;
				INFOPLIST_KEY_CFBundleDisplayName = "Solar Lens";
				IPHONEOS_DEPLOYMENT_TARGET = 18.0;
				MARKETING_VERSION = 2.0.0;
				PRODUCT_BUNDLE_IDENTIFIER = com.marcduerst.SolarManagerWatch;
				PRODUCT_NAME = "$(TARGET_NAME)";
				PROVISIONING_PROFILE_SPECIFIER = "";
				SDKROOT = iphoneos;
				SWIFT_VERSION = 5.0;
				VALIDATE_PRODUCT = YES;
			};
			name = Release;
		};
		495539C62CECF51C00D2FE19 /* Debug */ = {
			isa = XCBuildConfiguration;
			buildSettings = {
				ASSETCATALOG_COMPILER_GLOBAL_ACCENT_COLOR_NAME = AccentColor;
				ASSETCATALOG_COMPILER_WIDGET_BACKGROUND_COLOR_NAME = WidgetBackground;
				CODE_SIGN_ENTITLEMENTS = "Solar Lens WidgetsExtension.entitlements";
				CODE_SIGN_IDENTITY = "Apple Development";
				CODE_SIGN_STYLE = Automatic;
				CURRENT_PROJECT_VERSION = 70;
				DEVELOPMENT_TEAM = UYT5K989XD;
				GENERATE_INFOPLIST_FILE = YES;
				INFOPLIST_FILE = "Solar Lens Widgets/Info.plist";
				INFOPLIST_KEY_CFBundleDisplayName = "Solar Lens Widgets";
				INFOPLIST_KEY_NSHumanReadableCopyright = "";
				LD_RUNPATH_SEARCH_PATHS = (
					"$(inherited)",
					"@executable_path/Frameworks",
					"@executable_path/../../Frameworks",
					"@executable_path/../../../../Frameworks",
				);
				MARKETING_VERSION = 2.0.0;
				PRODUCT_BUNDLE_IDENTIFIER = com.marcduerst.SolarManagerWatch.watchkitapp.Extension;
				PRODUCT_NAME = "$(TARGET_NAME)";
				PROVISIONING_PROFILE_SPECIFIER = "";
				SDKROOT = watchos;
				SKIP_INSTALL = YES;
				SWIFT_EMIT_LOC_STRINGS = YES;
				SWIFT_VERSION = 5.0;
				TARGETED_DEVICE_FAMILY = 4;
				WATCHOS_DEPLOYMENT_TARGET = 11.0;
			};
			name = Debug;
		};
		495539C72CECF51C00D2FE19 /* Release */ = {
			isa = XCBuildConfiguration;
			buildSettings = {
				ASSETCATALOG_COMPILER_GLOBAL_ACCENT_COLOR_NAME = AccentColor;
				ASSETCATALOG_COMPILER_WIDGET_BACKGROUND_COLOR_NAME = WidgetBackground;
				CODE_SIGN_ENTITLEMENTS = "Solar Lens WidgetsExtension.entitlements";
				CODE_SIGN_IDENTITY = "Apple Development";
				CODE_SIGN_STYLE = Automatic;
				CURRENT_PROJECT_VERSION = 70;
				DEVELOPMENT_TEAM = UYT5K989XD;
				GENERATE_INFOPLIST_FILE = YES;
				INFOPLIST_FILE = "Solar Lens Widgets/Info.plist";
				INFOPLIST_KEY_CFBundleDisplayName = "Solar Lens Widgets";
				INFOPLIST_KEY_NSHumanReadableCopyright = "";
				LD_RUNPATH_SEARCH_PATHS = (
					"$(inherited)",
					"@executable_path/Frameworks",
					"@executable_path/../../Frameworks",
					"@executable_path/../../../../Frameworks",
				);
				MARKETING_VERSION = 2.0.0;
				PRODUCT_BUNDLE_IDENTIFIER = com.marcduerst.SolarManagerWatch.watchkitapp.Extension;
				PRODUCT_NAME = "$(TARGET_NAME)";
				PROVISIONING_PROFILE_SPECIFIER = "";
				SDKROOT = watchos;
				SKIP_INSTALL = YES;
				SWIFT_EMIT_LOC_STRINGS = YES;
				SWIFT_VERSION = 5.0;
				TARGETED_DEVICE_FAMILY = 4;
				VALIDATE_PRODUCT = YES;
				WATCHOS_DEPLOYMENT_TARGET = 11.0;
			};
			name = Release;
		};
/* End XCBuildConfiguration section */

/* Begin XCConfigurationList section */
		494882AC2CA8443300C59146 /* Build configuration list for PBXProject "SolarManagerWatch" */ = {
			isa = XCConfigurationList;
			buildConfigurations = (
				494882C32CA8443400C59146 /* Debug */,
				494882C42CA8443400C59146 /* Release */,
			);
			defaultConfigurationIsVisible = 0;
			defaultConfigurationName = Release;
		};
		494882C52CA8443400C59146 /* Build configuration list for PBXNativeTarget "Solar Lens Watch App" */ = {
			isa = XCConfigurationList;
			buildConfigurations = (
				494882C62CA8443400C59146 /* Debug */,
				494882C72CA8443400C59146 /* Release */,
			);
			defaultConfigurationIsVisible = 0;
			defaultConfigurationName = Release;
		};
		494882C92CA8443400C59146 /* Build configuration list for PBXNativeTarget "Solar Lens" */ = {
			isa = XCConfigurationList;
			buildConfigurations = (
				494882CA2CA8443400C59146 /* Debug */,
				494882CB2CA8443400C59146 /* Release */,
			);
			defaultConfigurationIsVisible = 0;
			defaultConfigurationName = Release;
		};
		495539C52CECF51C00D2FE19 /* Build configuration list for PBXNativeTarget "Solar Lens WidgetsExtension" */ = {
			isa = XCConfigurationList;
			buildConfigurations = (
				495539C62CECF51C00D2FE19 /* Debug */,
				495539C72CECF51C00D2FE19 /* Release */,
			);
			defaultConfigurationIsVisible = 0;
			defaultConfigurationName = Release;
		};
/* End XCConfigurationList section */

/* Begin XCRemoteSwiftPackageReference section */
		495B2E1E2CB2AE520089AD1B /* XCRemoteSwiftPackageReference "KeychainAccess" */ = {
			isa = XCRemoteSwiftPackageReference;
			repositoryURL = "https://github.com/kishikawakatsumi/KeychainAccess.git";
			requirement = {
				branch = master;
				kind = branch;
			};
		};
/* End XCRemoteSwiftPackageReference section */

/* Begin XCSwiftPackageProductDependency section */
		495B2E1F2CB2AE520089AD1B /* KeychainAccess */ = {
			isa = XCSwiftPackageProductDependency;
			package = 495B2E1E2CB2AE520089AD1B /* XCRemoteSwiftPackageReference "KeychainAccess" */;
			productName = KeychainAccess;
		};
		49F243A52CF1CF39009D0E2A /* KeychainAccess */ = {
			isa = XCSwiftPackageProductDependency;
			package = 495B2E1E2CB2AE520089AD1B /* XCRemoteSwiftPackageReference "KeychainAccess" */;
			productName = KeychainAccess;
		};
/* End XCSwiftPackageProductDependency section */
	};
	rootObject = 494882A92CA8443300C59146 /* Project object */;
}
